// !$*UTF8*$!
{
	archiveVersion = 1;
	classes = {
	};
	objectVersion = 46;
	objects = {

/* Begin PBXBuildFile section */
		243D2E811D22B11A00D0443B /* AudioCapture.swift in Sources */ = {isa = PBXBuildFile; fileRef = 243D2E801D22B11A00D0443B /* AudioCapture.swift */; };
		246BE6FD1D2218E600CFC5C3 /* AppDelegate.swift in Sources */ = {isa = PBXBuildFile; fileRef = 246BE6FC1D2218E600CFC5C3 /* AppDelegate.swift */; };
		246BE7041D2218E600CFC5C3 /* Assets.xcassets in Resources */ = {isa = PBXBuildFile; fileRef = 246BE7031D2218E600CFC5C3 /* Assets.xcassets */; };
		246BE7071D2218E600CFC5C3 /* LaunchScreen.storyboard in Resources */ = {isa = PBXBuildFile; fileRef = 246BE7051D2218E600CFC5C3 /* LaunchScreen.storyboard */; };
		246BE7201D2218F500CFC5C3 /* amf.c in Sources */ = {isa = PBXBuildFile; fileRef = 246BE70F1D2218F500CFC5C3 /* amf.c */; };
		246BE7211D2218F500CFC5C3 /* hashswf.c in Sources */ = {isa = PBXBuildFile; fileRef = 246BE7151D2218F500CFC5C3 /* hashswf.c */; };
		246BE7221D2218F500CFC5C3 /* log.c in Sources */ = {isa = PBXBuildFile; fileRef = 246BE7171D2218F500CFC5C3 /* log.c */; };
		246BE7231D2218F500CFC5C3 /* parseurl.c in Sources */ = {isa = PBXBuildFile; fileRef = 246BE7191D2218F500CFC5C3 /* parseurl.c */; };
		246BE7241D2218F500CFC5C3 /* rtmp.c in Sources */ = {isa = PBXBuildFile; fileRef = 246BE71A1D2218F500CFC5C3 /* rtmp.c */; };
		246BE7251D2218F500CFC5C3 /* RTMPClient.swift in Sources */ = {isa = PBXBuildFile; fileRef = 246BE71D1D2218F500CFC5C3 /* RTMPClient.swift */; };
		246BE7261D2218F500CFC5C3 /* UtilityTool.swift in Sources */ = {isa = PBXBuildFile; fileRef = 246BE71F1D2218F500CFC5C3 /* UtilityTool.swift */; };
		246BE7281D22193500CFC5C3 /* PushViewController.swift in Sources */ = {isa = PBXBuildFile; fileRef = 246BE7271D22193500CFC5C3 /* PushViewController.swift */; };
		246BE9251D227F3600CFC5C3 /* libopus.a in Frameworks */ = {isa = PBXBuildFile; fileRef = 246BE9241D227F3600CFC5C3 /* libopus.a */; };
/* End PBXBuildFile section */

/* Begin PBXFileReference section */
		243D2E801D22B11A00D0443B /* AudioCapture.swift */ = {isa = PBXFileReference; fileEncoding = 4; lastKnownFileType = sourcecode.swift; path = AudioCapture.swift; sourceTree = "<group>"; };
		246BE6F91D2218E600CFC5C3 /* LiveOpus.app */ = {isa = PBXFileReference; explicitFileType = wrapper.application; includeInIndex = 0; path = LiveOpus.app; sourceTree = BUILT_PRODUCTS_DIR; };
		246BE6FC1D2218E600CFC5C3 /* AppDelegate.swift */ = {isa = PBXFileReference; lastKnownFileType = sourcecode.swift; path = AppDelegate.swift; sourceTree = "<group>"; };
		246BE7031D2218E600CFC5C3 /* Assets.xcassets */ = {isa = PBXFileReference; lastKnownFileType = folder.assetcatalog; path = Assets.xcassets; sourceTree = "<group>"; };
		246BE7061D2218E600CFC5C3 /* Base */ = {isa = PBXFileReference; lastKnownFileType = file.storyboard; name = Base; path = Base.lproj/LaunchScreen.storyboard; sourceTree = "<group>"; };
		246BE7081D2218E600CFC5C3 /* Info.plist */ = {isa = PBXFileReference; lastKnownFileType = text.plist.xml; path = Info.plist; sourceTree = "<group>"; };
		246BE70F1D2218F500CFC5C3 /* amf.c */ = {isa = PBXFileReference; fileEncoding = 4; lastKnownFileType = sourcecode.c.c; path = amf.c; sourceTree = "<group>"; };
		246BE7101D2218F500CFC5C3 /* amf.h */ = {isa = PBXFileReference; fileEncoding = 4; lastKnownFileType = sourcecode.c.h; path = amf.h; sourceTree = "<group>"; };
		246BE7111D2218F500CFC5C3 /* bytes.h */ = {isa = PBXFileReference; fileEncoding = 4; lastKnownFileType = sourcecode.c.h; path = bytes.h; sourceTree = "<group>"; };
		246BE7121D2218F500CFC5C3 /* dh.h */ = {isa = PBXFileReference; fileEncoding = 4; lastKnownFileType = sourcecode.c.h; path = dh.h; sourceTree = "<group>"; };
		246BE7131D2218F500CFC5C3 /* dhgroups.h */ = {isa = PBXFileReference; fileEncoding = 4; lastKnownFileType = sourcecode.c.h; path = dhgroups.h; sourceTree = "<group>"; };
		246BE7141D2218F500CFC5C3 /* handshake.h */ = {isa = PBXFileReference; fileEncoding = 4; lastKnownFileType = sourcecode.c.h; path = handshake.h; sourceTree = "<group>"; };
		246BE7151D2218F500CFC5C3 /* hashswf.c */ = {isa = PBXFileReference; fileEncoding = 4; lastKnownFileType = sourcecode.c.c; path = hashswf.c; sourceTree = "<group>"; };
		246BE7161D2218F500CFC5C3 /* http.h */ = {isa = PBXFileReference; fileEncoding = 4; lastKnownFileType = sourcecode.c.h; path = http.h; sourceTree = "<group>"; };
		246BE7171D2218F500CFC5C3 /* log.c */ = {isa = PBXFileReference; fileEncoding = 4; lastKnownFileType = sourcecode.c.c; path = log.c; sourceTree = "<group>"; };
		246BE7181D2218F500CFC5C3 /* log.h */ = {isa = PBXFileReference; fileEncoding = 4; lastKnownFileType = sourcecode.c.h; path = log.h; sourceTree = "<group>"; };
		246BE7191D2218F500CFC5C3 /* parseurl.c */ = {isa = PBXFileReference; fileEncoding = 4; lastKnownFileType = sourcecode.c.c; path = parseurl.c; sourceTree = "<group>"; };
		246BE71A1D2218F500CFC5C3 /* rtmp.c */ = {isa = PBXFileReference; fileEncoding = 4; lastKnownFileType = sourcecode.c.c; path = rtmp.c; sourceTree = "<group>"; };
		246BE71B1D2218F500CFC5C3 /* rtmp.h */ = {isa = PBXFileReference; fileEncoding = 4; lastKnownFileType = sourcecode.c.h; path = rtmp.h; sourceTree = "<group>"; };
		246BE71C1D2218F500CFC5C3 /* rtmp_sys.h */ = {isa = PBXFileReference; fileEncoding = 4; lastKnownFileType = sourcecode.c.h; path = rtmp_sys.h; sourceTree = "<group>"; };
		246BE71D1D2218F500CFC5C3 /* RTMPClient.swift */ = {isa = PBXFileReference; fileEncoding = 4; lastKnownFileType = sourcecode.swift; path = RTMPClient.swift; sourceTree = "<group>"; };
		246BE71F1D2218F500CFC5C3 /* UtilityTool.swift */ = {isa = PBXFileReference; fileEncoding = 4; lastKnownFileType = sourcecode.swift; path = UtilityTool.swift; sourceTree = "<group>"; };
		246BE7271D22193500CFC5C3 /* PushViewController.swift */ = {isa = PBXFileReference; fileEncoding = 4; lastKnownFileType = sourcecode.swift; path = PushViewController.swift; sourceTree = "<group>"; };
		246BE91F1D227F3600CFC5C3 /* opus.h */ = {isa = PBXFileReference; fileEncoding = 4; lastKnownFileType = sourcecode.c.h; path = opus.h; sourceTree = "<group>"; };
		246BE9201D227F3600CFC5C3 /* opus_custom.h */ = {isa = PBXFileReference; fileEncoding = 4; lastKnownFileType = sourcecode.c.h; path = opus_custom.h; sourceTree = "<group>"; };
		246BE9211D227F3600CFC5C3 /* opus_defines.h */ = {isa = PBXFileReference; fileEncoding = 4; lastKnownFileType = sourcecode.c.h; path = opus_defines.h; sourceTree = "<group>"; };
		246BE9221D227F3600CFC5C3 /* opus_multistream.h */ = {isa = PBXFileReference; fileEncoding = 4; lastKnownFileType = sourcecode.c.h; path = opus_multistream.h; sourceTree = "<group>"; };
		246BE9231D227F3600CFC5C3 /* opus_types.h */ = {isa = PBXFileReference; fileEncoding = 4; lastKnownFileType = sourcecode.c.h; path = opus_types.h; sourceTree = "<group>"; };
		246BE9241D227F3600CFC5C3 /* libopus.a */ = {isa = PBXFileReference; lastKnownFileType = archive.ar; path = libopus.a; sourceTree = "<group>"; };
		246BE9261D227FAC00CFC5C3 /* bridge.h */ = {isa = PBXFileReference; fileEncoding = 4; lastKnownFileType = sourcecode.c.h; path = bridge.h; sourceTree = "<group>"; };
/* End PBXFileReference section */

/* Begin PBXFrameworksBuildPhase section */
		246BE6F61D2218E600CFC5C3 /* Frameworks */ = {
			isa = PBXFrameworksBuildPhase;
			buildActionMask = 2147483647;
			files = (
				246BE9251D227F3600CFC5C3 /* libopus.a in Frameworks */,
			);
			runOnlyForDeploymentPostprocessing = 0;
		};
/* End PBXFrameworksBuildPhase section */

/* Begin PBXGroup section */
		246BE6F01D2218E600CFC5C3 = {
			isa = PBXGroup;
			children = (
				246BE6FB1D2218E600CFC5C3 /* LiveOpus */,
				246BE6FA1D2218E600CFC5C3 /* Products */,
			);
			sourceTree = "<group>";
		};
		246BE6FA1D2218E600CFC5C3 /* Products */ = {
			isa = PBXGroup;
			children = (
				246BE6F91D2218E600CFC5C3 /* LiveOpus.app */,
			);
			name = Products;
			sourceTree = "<group>";
		};
		246BE6FB1D2218E600CFC5C3 /* LiveOpus */ = {
			isa = PBXGroup;
			children = (
				246BE7291D22220F00CFC5C3 /* Opus */,
				246BE70E1D2218F500CFC5C3 /* Rtmp */,
				246BE71E1D2218F500CFC5C3 /* UtilityTool */,
				246BE6FC1D2218E600CFC5C3 /* AppDelegate.swift */,
				246BE7271D22193500CFC5C3 /* PushViewController.swift */,
				243D2E801D22B11A00D0443B /* AudioCapture.swift */,
				246BE9261D227FAC00CFC5C3 /* bridge.h */,
				246BE7031D2218E600CFC5C3 /* Assets.xcassets */,
				246BE7051D2218E600CFC5C3 /* LaunchScreen.storyboard */,
				246BE7081D2218E600CFC5C3 /* Info.plist */,
			);
			path = LiveOpus;
			sourceTree = "<group>";
		};
		246BE70E1D2218F500CFC5C3 /* Rtmp */ = {
			isa = PBXGroup;
			children = (
				246BE70F1D2218F500CFC5C3 /* amf.c */,
				246BE7101D2218F500CFC5C3 /* amf.h */,
				246BE7111D2218F500CFC5C3 /* bytes.h */,
				246BE7121D2218F500CFC5C3 /* dh.h */,
				246BE7131D2218F500CFC5C3 /* dhgroups.h */,
				246BE7141D2218F500CFC5C3 /* handshake.h */,
				246BE7151D2218F500CFC5C3 /* hashswf.c */,
				246BE7161D2218F500CFC5C3 /* http.h */,
				246BE7171D2218F500CFC5C3 /* log.c */,
				246BE7181D2218F500CFC5C3 /* log.h */,
				246BE7191D2218F500CFC5C3 /* parseurl.c */,
				246BE71A1D2218F500CFC5C3 /* rtmp.c */,
				246BE71B1D2218F500CFC5C3 /* rtmp.h */,
				246BE71C1D2218F500CFC5C3 /* rtmp_sys.h */,
				246BE71D1D2218F500CFC5C3 /* RTMPClient.swift */,
			);
			path = Rtmp;
			sourceTree = "<group>";
		};
		246BE71E1D2218F500CFC5C3 /* UtilityTool */ = {
			isa = PBXGroup;
			children = (
				246BE71F1D2218F500CFC5C3 /* UtilityTool.swift */,
			);
			path = UtilityTool;
			sourceTree = "<group>";
		};
		246BE7291D22220F00CFC5C3 /* Opus */ = {
			isa = PBXGroup;
			children = (
				246BE91E1D227F3600CFC5C3 /* include */,
				246BE9241D227F3600CFC5C3 /* libopus.a */,
			);
			path = Opus;
			sourceTree = "<group>";
		};
		246BE91E1D227F3600CFC5C3 /* include */ = {
			isa = PBXGroup;
			children = (
				246BE91F1D227F3600CFC5C3 /* opus.h */,
				246BE9201D227F3600CFC5C3 /* opus_custom.h */,
				246BE9211D227F3600CFC5C3 /* opus_defines.h */,
				246BE9221D227F3600CFC5C3 /* opus_multistream.h */,
				246BE9231D227F3600CFC5C3 /* opus_types.h */,
			);
			path = include;
			sourceTree = "<group>";
		};
/* End PBXGroup section */

/* Begin PBXNativeTarget section */
		246BE6F81D2218E600CFC5C3 /* LiveOpus */ = {
			isa = PBXNativeTarget;
			buildConfigurationList = 246BE70B1D2218E600CFC5C3 /* Build configuration list for PBXNativeTarget "LiveOpus" */;
			buildPhases = (
				246BE6F51D2218E600CFC5C3 /* Sources */,
				246BE6F61D2218E600CFC5C3 /* Frameworks */,
				246BE6F71D2218E600CFC5C3 /* Resources */,
			);
			buildRules = (
			);
			dependencies = (
			);
			name = LiveOpus;
			productName = LiveOpus;
			productReference = 246BE6F91D2218E600CFC5C3 /* LiveOpus.app */;
			productType = "com.apple.product-type.application";
		};
/* End PBXNativeTarget section */

/* Begin PBXProject section */
		246BE6F11D2218E600CFC5C3 /* Project object */ = {
			isa = PBXProject;
			attributes = {
				LastSwiftUpdateCheck = 0730;
				LastUpgradeCheck = 0730;
				ORGANIZATIONNAME = swiftc.org;
				TargetAttributes = {
					246BE6F81D2218E600CFC5C3 = {
						CreatedOnToolsVersion = 7.3.1;
					};
				};
			};
			buildConfigurationList = 246BE6F41D2218E600CFC5C3 /* Build configuration list for PBXProject "LiveOpus" */;
			compatibilityVersion = "Xcode 3.2";
			developmentRegion = English;
			hasScannedForEncodings = 0;
			knownRegions = (
				en,
				Base,
			);
			mainGroup = 246BE6F01D2218E600CFC5C3;
			productRefGroup = 246BE6FA1D2218E600CFC5C3 /* Products */;
			projectDirPath = "";
			projectRoot = "";
			targets = (
				246BE6F81D2218E600CFC5C3 /* LiveOpus */,
			);
		};
/* End PBXProject section */

/* Begin PBXResourcesBuildPhase section */
		246BE6F71D2218E600CFC5C3 /* Resources */ = {
			isa = PBXResourcesBuildPhase;
			buildActionMask = 2147483647;
			files = (
				246BE7071D2218E600CFC5C3 /* LaunchScreen.storyboard in Resources */,
				246BE7041D2218E600CFC5C3 /* Assets.xcassets in Resources */,
			);
			runOnlyForDeploymentPostprocessing = 0;
		};
/* End PBXResourcesBuildPhase section */

/* Begin PBXSourcesBuildPhase section */
		246BE6F51D2218E600CFC5C3 /* Sources */ = {
			isa = PBXSourcesBuildPhase;
			buildActionMask = 2147483647;
			files = (
				246BE7201D2218F500CFC5C3 /* amf.c in Sources */,
				243D2E811D22B11A00D0443B /* AudioCapture.swift in Sources */,
				246BE7241D2218F500CFC5C3 /* rtmp.c in Sources */,
				246BE7231D2218F500CFC5C3 /* parseurl.c in Sources */,
				246BE7221D2218F500CFC5C3 /* log.c in Sources */,
				246BE7251D2218F500CFC5C3 /* RTMPClient.swift in Sources */,
				246BE7281D22193500CFC5C3 /* PushViewController.swift in Sources */,
				246BE7211D2218F500CFC5C3 /* hashswf.c in Sources */,
				246BE6FD1D2218E600CFC5C3 /* AppDelegate.swift in Sources */,
				246BE7261D2218F500CFC5C3 /* UtilityTool.swift in Sources */,
			);
			runOnlyForDeploymentPostprocessing = 0;
		};
/* End PBXSourcesBuildPhase section */

/* Begin PBXVariantGroup section */
		246BE7051D2218E600CFC5C3 /* LaunchScreen.storyboard */ = {
			isa = PBXVariantGroup;
			children = (
				246BE7061D2218E600CFC5C3 /* Base */,
			);
			name = LaunchScreen.storyboard;
			sourceTree = "<group>";
		};
/* End PBXVariantGroup section */

/* Begin XCBuildConfiguration section */
		246BE7091D2218E600CFC5C3 /* Debug */ = {
			isa = XCBuildConfiguration;
			buildSettings = {
				ALWAYS_SEARCH_USER_PATHS = NO;
				CLANG_ANALYZER_NONNULL = YES;
				CLANG_CXX_LANGUAGE_STANDARD = "gnu++0x";
				CLANG_CXX_LIBRARY = "libc++";
				CLANG_ENABLE_MODULES = YES;
				CLANG_ENABLE_OBJC_ARC = YES;
				CLANG_WARN_BOOL_CONVERSION = YES;
				CLANG_WARN_CONSTANT_CONVERSION = YES;
				CLANG_WARN_DIRECT_OBJC_ISA_USAGE = YES_ERROR;
				CLANG_WARN_EMPTY_BODY = YES;
				CLANG_WARN_ENUM_CONVERSION = YES;
				CLANG_WARN_INT_CONVERSION = YES;
				CLANG_WARN_OBJC_ROOT_CLASS = YES_ERROR;
				CLANG_WARN_UNREACHABLE_CODE = YES;
				CLANG_WARN__DUPLICATE_METHOD_MATCH = YES;
				"CODE_SIGN_IDENTITY[sdk=iphoneos*]" = "iPhone Developer";
				COPY_PHASE_STRIP = NO;
				DEBUG_INFORMATION_FORMAT = dwarf;
				ENABLE_STRICT_OBJC_MSGSEND = YES;
				ENABLE_TESTABILITY = YES;
				GCC_C_LANGUAGE_STANDARD = gnu99;
				GCC_DYNAMIC_NO_PIC = NO;
				GCC_NO_COMMON_BLOCKS = YES;
				GCC_OPTIMIZATION_LEVEL = 0;
				GCC_PREPROCESSOR_DEFINITIONS = (
					"DEBUG=1",
					"$(inherited)",
				);
				GCC_WARN_64_TO_32_BIT_CONVERSION = YES;
				GCC_WARN_ABOUT_RETURN_TYPE = YES_ERROR;
				GCC_WARN_UNDECLARED_SELECTOR = YES;
				GCC_WARN_UNINITIALIZED_AUTOS = YES_AGGRESSIVE;
				GCC_WARN_UNUSED_FUNCTION = YES;
				GCC_WARN_UNUSED_VARIABLE = YES;
				IPHONEOS_DEPLOYMENT_TARGET = 9.3;
				MTL_ENABLE_DEBUG_INFO = YES;
				ONLY_ACTIVE_ARCH = YES;
				SDKROOT = iphoneos;
				SWIFT_OPTIMIZATION_LEVEL = "-Onone";
				TARGETED_DEVICE_FAMILY = "1,2";
			};
			name = Debug;
		};
		246BE70A1D2218E600CFC5C3 /* Release */ = {
			isa = XCBuildConfiguration;
			buildSettings = {
				ALWAYS_SEARCH_USER_PATHS = NO;
				CLANG_ANALYZER_NONNULL = YES;
				CLANG_CXX_LANGUAGE_STANDARD = "gnu++0x";
				CLANG_CXX_LIBRARY = "libc++";
				CLANG_ENABLE_MODULES = YES;
				CLANG_ENABLE_OBJC_ARC = YES;
				CLANG_WARN_BOOL_CONVERSION = YES;
				CLANG_WARN_CONSTANT_CONVERSION = YES;
				CLANG_WARN_DIRECT_OBJC_ISA_USAGE = YES_ERROR;
				CLANG_WARN_EMPTY_BODY = YES;
				CLANG_WARN_ENUM_CONVERSION = YES;
				CLANG_WARN_INT_CONVERSION = YES;
				CLANG_WARN_OBJC_ROOT_CLASS = YES_ERROR;
				CLANG_WARN_UNREACHABLE_CODE = YES;
				CLANG_WARN__DUPLICATE_METHOD_MATCH = YES;
				"CODE_SIGN_IDENTITY[sdk=iphoneos*]" = "iPhone Developer";
				COPY_PHASE_STRIP = NO;
				DEBUG_INFORMATION_FORMAT = "dwarf-with-dsym";
				ENABLE_NS_ASSERTIONS = NO;
				ENABLE_STRICT_OBJC_MSGSEND = YES;
				GCC_C_LANGUAGE_STANDARD = gnu99;
				GCC_NO_COMMON_BLOCKS = YES;
				GCC_WARN_64_TO_32_BIT_CONVERSION = YES;
				GCC_WARN_ABOUT_RETURN_TYPE = YES_ERROR;
				GCC_WARN_UNDECLARED_SELECTOR = YES;
				GCC_WARN_UNINITIALIZED_AUTOS = YES_AGGRESSIVE;
				GCC_WARN_UNUSED_FUNCTION = YES;
				GCC_WARN_UNUSED_VARIABLE = YES;
				IPHONEOS_DEPLOYMENT_TARGET = 9.3;
				MTL_ENABLE_DEBUG_INFO = NO;
				SDKROOT = iphoneos;
				TARGETED_DEVICE_FAMILY = "1,2";
				VALIDATE_PRODUCT = YES;
			};
			name = Release;
		};
		246BE70C1D2218E600CFC5C3 /* Debug */ = {
			isa = XCBuildConfiguration;
			buildSettings = {
				ASSETCATALOG_COMPILER_APPICON_NAME = AppIcon;
				INFOPLIST_FILE = LiveOpus/Info.plist;
				IPHONEOS_DEPLOYMENT_TARGET = 8.0;
				LD_RUNPATH_SEARCH_PATHS = "$(inherited) @executable_path/Frameworks";
				LIBRARY_SEARCH_PATHS = (
					"$(inherited)",
					"$(PROJECT_DIR)/LiveOpus/Opus",
				);
				PRODUCT_BUNDLE_IDENTIFIER = org.swiftc.LiveOpus;
				PRODUCT_NAME = "$(TARGET_NAME)";
				SWIFT_OBJC_BRIDGING_HEADER = LiveOpus/bridge.h;
			};
			name = Debug;
		};
		246BE70D1D2218E600CFC5C3 /* Release */ = {
			isa = XCBuildConfiguration;
			buildSettings = {
				ASSETCATALOG_COMPILER_APPICON_NAME = AppIcon;
				INFOPLIST_FILE = LiveOpus/Info.plist;
				IPHONEOS_DEPLOYMENT_TARGET = 8.0;
				LD_RUNPATH_SEARCH_PATHS = "$(inherited) @executable_path/Frameworks";
				LIBRARY_SEARCH_PATHS = (
					"$(inherited)",
					"$(PROJECT_DIR)/LiveOpus/Opus",
				);
				PRODUCT_BUNDLE_IDENTIFIER = org.swiftc.LiveOpus;
				PRODUCT_NAME = "$(TARGET_NAME)";
				SWIFT_OBJC_BRIDGING_HEADER = LiveOpus/bridge.h;
			};
			name = Release;
		};
/* End XCBuildConfiguration section */

/* Begin XCConfigurationList section */
		246BE6F41D2218E600CFC5C3 /* Build configuration list for PBXProject "LiveOpus" */ = {
			isa = XCConfigurationList;
			buildConfigurations = (
				246BE7091D2218E600CFC5C3 /* Debug */,
				246BE70A1D2218E600CFC5C3 /* Release */,
			);
			defaultConfigurationIsVisible = 0;
			defaultConfigurationName = Release;
		};
		246BE70B1D2218E600CFC5C3 /* Build configuration list for PBXNativeTarget "LiveOpus" */ = {
			isa = XCConfigurationList;
			buildConfigurations = (
				246BE70C1D2218E600CFC5C3 /* Debug */,
				246BE70D1D2218E600CFC5C3 /* Release */,
			);
			defaultConfigurationIsVisible = 0;
			defaultConfigurationName = Release;
		};
/* End XCConfigurationList section */
	};
	rootObject = 246BE6F11D2218E600CFC5C3 /* Project object */;
}
